
Microsoft Visual Studio Solution File, Format Version 12.00
# Visual Studio Version 17
VisualStudioVersion = 17.12.35527.113
MinimumVisualStudioVersion = 10.0.40219.1
Project("{FAE04EC0-301F-11D3-BF4B-00C04F79EFBC}") = "01_MainSubject", "01_MainSubject\01_MainSubject.csproj", "{239CA7A3-9792-42C5-BEF1-8DB108BE31F9}"
EndProject
Project("{FAE04EC0-301F-11D3-BF4B-00C04F79EFBC}") = "02_Variables", "02_Variables\02_Variables.csproj", "{D2E2BC9D-340A-494E-B5B3-34BB72C02428}"
EndProject
Project("{FAE04EC0-301F-11D3-BF4B-00C04F79EFBC}") = "03_MakingDecision", "03_MakingDecision\03_MakingDecision.csproj", "{E715D956-7309-453A-B4F5-B6539AA72A8F}"
EndProject
Global
	GlobalSection(SolutionConfigurationPlatforms) = preSolution
		Debug|Any CPU = Debug|Any CPU
		Release|Any CPU = Release|Any CPU
	EndGlobalSection
	GlobalSection(ProjectConfigurationPlatforms) = postSolution
		{239CA7A3-9792-42C5-BEF1-8DB108BE31F9}.Debug|Any CPU.ActiveCfg = Debug|Any CPU
		{239CA7A3-9792-42C5-BEF1-8DB108BE31F9}.Debug|Any CPU.Build.0 = Debug|Any CPU
		{239CA7A3-9792-42C5-BEF1-8DB108BE31F9}.Release|Any CPU.ActiveCfg = Release|Any CPU
		{239CA7A3-9792-42C5-BEF1-8DB108BE31F9}.Release|Any CPU.Build.0 = Release|Any CPU
		{D2E2BC9D-340A-494E-B5B3-34BB72C02428}.Debug|Any CPU.ActiveCfg = Debug|Any CPU
		{D2E2BC9D-340A-494E-B5B3-34BB72C02428}.Debug|Any CPU.Build.0 = Debug|Any CPU
		{D2E2BC9D-340A-494E-B5B3-34BB72C02428}.Release|Any CPU.ActiveCfg = Release|Any CPU
		{D2E2BC9D-340A-494E-B5B3-34BB72C02428}.Release|Any CPU.Build.0 = Release|Any CPU
		{E715D956-7309-453A-B4F5-B6539AA72A8F}.Debug|Any CPU.ActiveCfg = Debug|Any CPU
		{E715D956-7309-453A-B4F5-B6539AA72A8F}.Debug|Any CPU.Build.0 = Debug|Any CPU
		{E715D956-7309-453A-B4F5-B6539AA72A8F}.Release|Any CPU.ActiveCfg = Release|Any CPU
		{E715D956-7309-453A-B4F5-B6539AA72A8F}.Release|Any CPU.Build.0 = Release|Any CPU
	EndGlobalSection
	GlobalSection(SolutionProperties) = preSolution
		HideSolutionNode = FALSE
	EndGlobalSection
EndGlobal
